{
  "lockfile_version": "1",
  "packages": {
    "ansible@2.18.2": {
      "last_modified": "2025-02-26T05:29:08Z",
      "resolved": "github:NixOS/nixpkgs/3a05eebede89661660945da1f151959900903b6a#ansible",
      "source": "devbox-search",
      "version": "2.18.2",
      "systems": {
        "aarch64-darwin": {
          "outputs": [
            {
              "name": "out",
              "path": "/nix/store/669s6crdf8mmlq8g7x93mib67fnr3lwy-python3.12-ansible-core-2.18.2",
              "default": true
            },
            {
              "name": "dist",
              "path": "/nix/store/l4ww3gxd2ylv9l9vdgp77l153fzvdkzv-python3.12-ansible-core-2.18.2-dist"
            }
          ],
          "store_path": "/nix/store/669s6crdf8mmlq8g7x93mib67fnr3lwy-python3.12-ansible-core-2.18.2"
        },
        "aarch64-linux": {
          "outputs": [
            {
              "name": "out",
              "path": "/nix/store/a44293pmhsag0qxm6s9r7kxiarc71zzb-python3.12-ansible-core-2.18.2",
              "default": true
            },
            {
              "name": "dist",
              "path": "/nix/store/ry64p5ciy5wl8ibq94nwfy3adfsv4v0j-python3.12-ansible-core-2.18.2-dist"
            }
          ],
          "store_path": "/nix/store/a44293pmhsag0qxm6s9r7kxiarc71zzb-python3.12-ansible-core-2.18.2"
        },
        "x86_64-darwin": {
          "outputs": [
            {
              "name": "out",
              "path": "/nix/store/8dgjlj6sfsj8n5pkbswvm7hdhrcvi8pv-python3.12-ansible-core-2.18.2",
              "default": true
            },
            {
              "name": "dist",
              "path": "/nix/store/rsnia2lg0iblr89f3sadc53p1my9vrm2-python3.12-ansible-core-2.18.2-dist"
            }
          ],
          "store_path": "/nix/store/8dgjlj6sfsj8n5pkbswvm7hdhrcvi8pv-python3.12-ansible-core-2.18.2"
        },
        "x86_64-linux": {
          "outputs": [
            {
              "name": "out",
              "path": "/nix/store/8z128bzwbi6lyg4siiv3fvba92hhps17-python3.12-ansible-core-2.18.2",
              "default": true
            },
            {
              "name": "dist",
              "path": "/nix/store/8d1kfzpjby00m4plz8n6rsv4nbh7lb0y-python3.12-ansible-core-2.18.2-dist"
            }
          ],
          "store_path": "/nix/store/8z128bzwbi6lyg4siiv3fvba92hhps17-python3.12-ansible-core-2.18.2"
        }
      }
    },
    "caddy@latest": {
      "last_modified": "2025-02-07T11:26:36Z",
      "plugin_version": "0.0.3",
      "resolved": "github:NixOS/nixpkgs/d98abf5cf5914e5e4e9d57205e3af55ca90ffc1d#caddy",
      "source": "devbox-search",
      "version": "2.9.1",
      "systems": {
        "aarch64-darwin": {
          "outputs": [
            {
              "name": "out",
              "path": "/nix/store/wsj8iixhs5iwjhfyy4l00va0dj301sjs-caddy-2.9.1",
              "default": true
            }
          ],
          "store_path": "/nix/store/wsj8iixhs5iwjhfyy4l00va0dj301sjs-caddy-2.9.1"
        },
        "aarch64-linux": {
          "outputs": [
            {
              "name": "out",
              "path": "/nix/store/w6cg28ws2404fglmhbzddqjjkniqfiam-caddy-2.9.1",
              "default": true
            }
          ],
          "store_path": "/nix/store/w6cg28ws2404fglmhbzddqjjkniqfiam-caddy-2.9.1"
        },
        "x86_64-darwin": {
          "outputs": [
            {
              "name": "out",
              "path": "/nix/store/8q0lw048apajs1rg6vpfbp2p1m37f25a-caddy-2.9.1",
              "default": true
            }
          ],
          "store_path": "/nix/store/8q0lw048apajs1rg6vpfbp2p1m37f25a-caddy-2.9.1"
        },
        "x86_64-linux": {
          "outputs": [
            {
              "name": "out",
              "path": "/nix/store/ax0979vnibikl5cr180lmxvb80m2zq50-caddy-2.9.1",
              "default": true
            }
          ],
          "store_path": "/nix/store/ax0979vnibikl5cr180lmxvb80m2zq50-caddy-2.9.1"
        }
      }
    },
    "github:NixOS/nixpkgs/nixpkgs-unstable": {
      "resolved": "github:NixOS/nixpkgs/199169a2135e6b864a888e89a2ace345703c025d?lastModified=1740791350&narHash=sha256-igS2Z4tVw5W%2Fx3lCZeeadt0vcU9fxtetZ%2FRyrqsCRQ0%3D"
    },
    "jq@1.7.1": {
      "last_modified": "2025-02-24T19:15:38Z",
      "resolved": "github:NixOS/nixpkgs/39d921ecb8fc4028eb43d9a87bdeef55ff86fa9b#jq",
      "source": "devbox-search",
      "version": "1.7.1",
      "systems": {
        "aarch64-darwin": {
          "outputs": [
            {
              "name": "bin",
              "path": "/nix/store/h67qb8yrnfja706ch9f2yfq1i0bz4mn1-jq-1.7.1-bin",
              "default": true
            },
            {
              "name": "man",
              "path": "/nix/store/dq242j6q44xlqlp7y6fjg7bmpd82m6li-jq-1.7.1-man",
              "default": true
            },
            {
              "name": "dev",
              "path": "/nix/store/v8anx27z4ib0gf7p1bh27j2g8zl37npb-jq-1.7.1-dev"
            },
            {
              "name": "doc",
              "path": "/nix/store/6pnnni79b8018j88i2ynn1630qlwaphp-jq-1.7.1-doc"
            },
            {
              "name": "out",
              "path": "/nix/store/p73la466zw37g7z5d2qy3zz9mamf3gsv-jq-1.7.1"
            }
          ],
          "store_path": "/nix/store/h67qb8yrnfja706ch9f2yfq1i0bz4mn1-jq-1.7.1-bin"
        },
        "aarch64-linux": {
          "outputs": [
            {
              "name": "bin",
              "path": "/nix/store/iqyxj9kb5g5w347svfwskiyahrplwxgb-jq-1.7.1-bin",
              "default": true
            },
            {
              "name": "man",
              "path": "/nix/store/ikr9p51fkdc932kmbmnq4wji81cyaw7m-jq-1.7.1-man",
              "default": true
            },
            {
              "name": "dev",
              "path": "/nix/store/a3n8r9jn9g78yhb8xamgml3vlsv4qc3w-jq-1.7.1-dev"
            },
            {
              "name": "doc",
              "path": "/nix/store/z96h0lbll50v9m5fly0mvrqxibiv07gj-jq-1.7.1-doc"
            },
            {
              "name": "out",
              "path": "/nix/store/lnzkzs9zlpap9vizx5ds11a2kkpcfm5a-jq-1.7.1"
            }
          ],
          "store_path": "/nix/store/iqyxj9kb5g5w347svfwskiyahrplwxgb-jq-1.7.1-bin"
        },
        "x86_64-darwin": {
          "outputs": [
            {
              "name": "bin",
              "path": "/nix/store/kvdl82szh102c3bmqfcymfhhdgmmpiqw-jq-1.7.1-bin",
              "default": true
            },
            {
              "name": "man",
              "path": "/nix/store/66hkk82yqg7dnjx8dj32kxhp4mna06ry-jq-1.7.1-man",
              "default": true
            },
            {
              "name": "dev",
              "path": "/nix/store/bpdizbcr45r3m1k75sxcmdbqi8i2khmd-jq-1.7.1-dev"
            },
            {
              "name": "doc",
              "path": "/nix/store/yh6klqhz2sxa8y3yfsxy828mhbkcdy34-jq-1.7.1-doc"
            },
            {
              "name": "out",
              "path": "/nix/store/q3cn39yz907p3h8ndqf9ljcakh2pzsrv-jq-1.7.1"
            }
          ],
          "store_path": "/nix/store/kvdl82szh102c3bmqfcymfhhdgmmpiqw-jq-1.7.1-bin"
        },
        "x86_64-linux": {
          "outputs": [
            {
              "name": "bin",
              "path": "/nix/store/xqh11ih3h2y85sgjjighlskp2llhswmz-jq-1.7.1-bin",
              "default": true
            },
            {
              "name": "man",
              "path": "/nix/store/v14f5in0m2yx4561dbs2mbplsgi0hx26-jq-1.7.1-man",
              "default": true
            },
            {
              "name": "out",
              "path": "/nix/store/75lxfnxl0wsifkqs6pb7rdmanrdd6qjp-jq-1.7.1"
            },
            {
              "name": "dev",
              "path": "/nix/store/bsa64w792v82bx2nanmygc4fg690f4a0-jq-1.7.1-dev"
            },
            {
              "name": "doc",
              "path": "/nix/store/gskl3sys6n7r8rg768smngn1n52w09ag-jq-1.7.1-doc"
            }
          ],
          "store_path": "/nix/store/xqh11ih3h2y85sgjjighlskp2llhswmz-jq-1.7.1-bin"
        }
      }
    },
    "just@1.39.0": {
      "last_modified": "2025-02-23T09:42:26Z",
      "resolved": "github:NixOS/nixpkgs/2d068ae5c6516b2d04562de50a58c682540de9bf#just",
      "source": "devbox-search",
      "version": "1.39.0",
      "systems": {
        "aarch64-darwin": {
          "outputs": [
            {
              "name": "out",
              "path": "/nix/store/i7apaf6fa4aswha9xs45jdil3wn038vq-just-1.39.0",
              "default": true
            },
            {
              "name": "man",
              "path": "/nix/store/27f6bblm28j80c2xbc75j72fl4anbyxm-just-1.39.0-man",
              "default": true
            },
            {
              "name": "doc",
              "path": "/nix/store/13ixl7w80ymwqc3ykd8wgccjqcf12cdm-just-1.39.0-doc"
            }
          ],
          "store_path": "/nix/store/i7apaf6fa4aswha9xs45jdil3wn038vq-just-1.39.0"
        },
        "aarch64-linux": {
          "outputs": [
            {
              "name": "out",
              "path": "/nix/store/j4kprcvca7f41m3rv1134qmbksiqx31n-just-1.39.0",
              "default": true
            },
            {
              "name": "man",
              "path": "/nix/store/6mvjzbbn5nn2nwyf2dxzlkh22x5s3lvh-just-1.39.0-man",
              "default": true
            },
            {
              "name": "doc",
              "path": "/nix/store/rskm7r6g0rri3lv93xrs3vnmm48jf7rf-just-1.39.0-doc"
            }
          ],
          "store_path": "/nix/store/j4kprcvca7f41m3rv1134qmbksiqx31n-just-1.39.0"
        },
        "x86_64-darwin": {
          "outputs": [
            {
              "name": "out",
              "path": "/nix/store/blzi4k9jab89qd502pqd2vl5zihiv510-just-1.39.0",
              "default": true
            },
            {
              "name": "man",
              "path": "/nix/store/bgyg97lsdbzwaad96krwh9z39h8rbn7r-just-1.39.0-man",
              "default": true
            },
            {
              "name": "doc",
              "path": "/nix/store/y739nrn1mmarhxsfq7brf1c9x28s0laq-just-1.39.0-doc"
            }
          ],
          "store_path": "/nix/store/blzi4k9jab89qd502pqd2vl5zihiv510-just-1.39.0"
        },
        "x86_64-linux": {
          "outputs": [
            {
              "name": "out",
              "path": "/nix/store/q3lv9bi7r4di3kxdjhy7kvwgvpmanfza-just-1.39.0",
              "default": true
            },
            {
              "name": "man",
              "path": "/nix/store/g41irli8l39fq4cnbvczxf2k1kv2p1zh-just-1.39.0-man",
              "default": true
            },
            {
              "name": "doc",
              "path": "/nix/store/zlqin9zz113qbx8616qq31jlrz4idkyp-just-1.39.0-doc"
            }
          ],
          "store_path": "/nix/store/q3lv9bi7r4di3kxdjhy7kvwgvpmanfza-just-1.39.0"
        }
      }
    },
    "minio-client@latest": {
      "last_modified": "2025-02-16T21:44:05Z",
      "resolved": "github:NixOS/nixpkgs/f0204ef4baa3b6317dee1c84ddeffbd293638836#minio-client",
      "source": "devbox-search",
      "version": "2025-02-08T19-14-21Z",
      "systems": {
        "aarch64-darwin": {
          "outputs": [
            {
              "name": "out",
              "path": "/nix/store/ncf5jj24jfqrysj3yh9xrkvji0102s69-minio-client-2025-02-08T19-14-21Z",
              "default": true
            }
          ],
          "store_path": "/nix/store/ncf5jj24jfqrysj3yh9xrkvji0102s69-minio-client-2025-02-08T19-14-21Z"
        },
        "aarch64-linux": {
          "outputs": [
            {
              "name": "out",
              "path": "/nix/store/lhrnhxirj17x6a90v7q0z4n80jmy2raq-minio-client-2025-02-08T19-14-21Z",
              "default": true
            }
          ],
          "store_path": "/nix/store/lhrnhxirj17x6a90v7q0z4n80jmy2raq-minio-client-2025-02-08T19-14-21Z"
        },
        "x86_64-darwin": {
          "outputs": [
            {
              "name": "out",
              "path": "/nix/store/ndp0ljckwnzzdxljb9cijlzfv9wrrr57-minio-client-2025-02-08T19-14-21Z",
              "default": true
            }
          ],
          "store_path": "/nix/store/ndp0ljckwnzzdxljb9cijlzfv9wrrr57-minio-client-2025-02-08T19-14-21Z"
        },
        "x86_64-linux": {
          "outputs": [
            {
              "name": "out",
              "path": "/nix/store/pyvljdz2l5ibaycyadfl6d6v2isvbdqi-minio-client-2025-02-08T19-14-21Z",
              "default": true
            }
          ],
          "store_path": "/nix/store/pyvljdz2l5ibaycyadfl6d6v2isvbdqi-minio-client-2025-02-08T19-14-21Z"
        }
      }
    },
    "opentofu@1.9.0": {
      "last_modified": "2025-02-07T11:26:36Z",
      "resolved": "github:NixOS/nixpkgs/d98abf5cf5914e5e4e9d57205e3af55ca90ffc1d#opentofu",
      "source": "devbox-search",
      "version": "1.9.0",
      "systems": {
        "aarch64-darwin": {
          "outputs": [
            {
              "name": "out",
              "path": "/nix/store/bk8lbpai9gckl24971cd7sy86nx65vqp-opentofu-1.9.0",
              "default": true
            }
          ],
          "store_path": "/nix/store/bk8lbpai9gckl24971cd7sy86nx65vqp-opentofu-1.9.0"
        },
        "aarch64-linux": {
          "outputs": [
            {
              "name": "out",
              "path": "/nix/store/j6hmc1czpri9r2c6ww1lxzv8cykw02b5-opentofu-1.9.0",
              "default": true
            }
          ],
          "store_path": "/nix/store/j6hmc1czpri9r2c6ww1lxzv8cykw02b5-opentofu-1.9.0"
        },
        "x86_64-darwin": {
          "outputs": [
            {
              "name": "out",
              "path": "/nix/store/q8a4niqvlph0gbch407q19v444qyflpi-opentofu-1.9.0",
              "default": true
            }
          ],
          "store_path": "/nix/store/q8a4niqvlph0gbch407q19v444qyflpi-opentofu-1.9.0"
        },
        "x86_64-linux": {
          "outputs": [
            {
              "name": "out",
              "path": "/nix/store/1gc7dl8bcrks1y98qlblr08aly4b3qry-opentofu-1.9.0",
              "default": true
            }
          ],
          "store_path": "/nix/store/1gc7dl8bcrks1y98qlblr08aly4b3qry-opentofu-1.9.0"
        }
      }
    },
    "pre-commit@4.0.1": {
      "last_modified": "2025-02-24T11:23:12Z",
      "resolved": "github:NixOS/nixpkgs/d9b69c3ec2a2e2e971c534065bdd53374bd68b97#pre-commit",
      "source": "devbox-search",
      "version": "4.0.1",
      "systems": {
        "aarch64-darwin": {
          "outputs": [
            {
              "name": "out",
              "path": "/nix/store/1d72c6irxrvvc81mpds9yl26vglki91k-pre-commit-4.0.1",
              "default": true
            },
            {
              "name": "dist",
              "path": "/nix/store/s2w0cyimcc4qcl65sjh5r6cxafc1h467-pre-commit-4.0.1-dist"
            }
          ],
          "store_path": "/nix/store/1d72c6irxrvvc81mpds9yl26vglki91k-pre-commit-4.0.1"
        },
        "aarch64-linux": {
          "outputs": [
            {
              "name": "out",
              "path": "/nix/store/jjy89zx3q6pjjc5g6vznagn347arysm2-pre-commit-4.0.1",
              "default": true
            },
            {
              "name": "dist",
              "path": "/nix/store/llxn7kzwnkm33wnw34yl379zxv50nhcl-pre-commit-4.0.1-dist"
            }
          ],
          "store_path": "/nix/store/jjy89zx3q6pjjc5g6vznagn347arysm2-pre-commit-4.0.1"
        },
        "x86_64-darwin": {
          "outputs": [
            {
              "name": "out",
              "path": "/nix/store/9f8bsa4n2srnrdxy437lbaar2cyjpjc8-pre-commit-4.0.1",
              "default": true
            },
            {
              "name": "dist",
              "path": "/nix/store/zwsxv57s7hv30mvk669djjyyynzfbqvp-pre-commit-4.0.1-dist"
            }
          ],
          "store_path": "/nix/store/9f8bsa4n2srnrdxy437lbaar2cyjpjc8-pre-commit-4.0.1"
        },
        "x86_64-linux": {
          "outputs": [
            {
              "name": "out",
              "path": "/nix/store/v6v2jdx5jq98vcgsb3yvwl1g2dg6qz54-pre-commit-4.0.1",
              "default": true
            },
            {
              "name": "dist",
              "path": "/nix/store/7pw1rj59id4h05ac2bz58vinixk43l7x-pre-commit-4.0.1-dist"
            }
          ],
          "store_path": "/nix/store/v6v2jdx5jq98vcgsb3yvwl1g2dg6qz54-pre-commit-4.0.1"
        }
      }
    },
    "tflint@0.55.1": {
      "last_modified": "2025-02-07T11:26:36Z",
      "resolved": "github:NixOS/nixpkgs/d98abf5cf5914e5e4e9d57205e3af55ca90ffc1d#tflint",
      "source": "devbox-search",
      "version": "0.55.1",
      "systems": {
        "aarch64-darwin": {
          "outputs": [
            {
              "name": "out",
              "path": "/nix/store/68211bisbjwja8k9y2m25a1mpwzg8qkl-tflint-0.55.1",
              "default": true
            }
          ],
          "store_path": "/nix/store/68211bisbjwja8k9y2m25a1mpwzg8qkl-tflint-0.55.1"
        },
        "aarch64-linux": {
          "outputs": [
            {
              "name": "out",
              "path": "/nix/store/0j1gmqwj26f77rv7v7fcq5f1l8fijjwg-tflint-0.55.1",
              "default": true
            }
          ],
          "store_path": "/nix/store/0j1gmqwj26f77rv7v7fcq5f1l8fijjwg-tflint-0.55.1"
        },
        "x86_64-darwin": {
          "outputs": [
            {
              "name": "out",
              "path": "/nix/store/9sxdfdzhd3v400xir7apm5lqc4yx6wk3-tflint-0.55.1",
              "default": true
            }
          ],
          "store_path": "/nix/store/9sxdfdzhd3v400xir7apm5lqc4yx6wk3-tflint-0.55.1"
        },
        "x86_64-linux": {
          "outputs": [
            {
              "name": "out",
              "path": "/nix/store/l0w06x7r6c419mxc4xdm954j7rlm7xvp-tflint-0.55.1",
              "default": true
            }
          ],
          "store_path": "/nix/store/l0w06x7r6c419mxc4xdm954j7rlm7xvp-tflint-0.55.1"
        }
      }
    },
    "trivy@0.59.1": {
      "last_modified": "2025-02-07T20:06:47Z",
      "resolved": "github:NixOS/nixpkgs/e8d0b02af0958823c955aaab3c82b03f54411d91#trivy",
      "source": "devbox-search",
      "version": "0.59.1",
      "systems": {
        "aarch64-darwin": {
          "outputs": [
            {
              "name": "out",
              "path": "/nix/store/gggxl0lphp4jn4j1m76val7kdkl6pjvb-trivy-0.59.1",
              "default": true
            }
          ],
          "store_path": "/nix/store/gggxl0lphp4jn4j1m76val7kdkl6pjvb-trivy-0.59.1"
        },
        "aarch64-linux": {
          "outputs": [
            {
              "name": "out",
              "path": "/nix/store/wyyb1yswn6kkj4vdmgxdf7di0wg9gh2b-trivy-0.59.1",
              "default": true
            }
          ],
          "store_path": "/nix/store/wyyb1yswn6kkj4vdmgxdf7di0wg9gh2b-trivy-0.59.1"
        },
        "x86_64-darwin": {
          "outputs": [
            {
              "name": "out",
              "path": "/nix/store/b2rgpv6rabijzankipdj7agv5yxxnp6p-trivy-0.59.1",
              "default": true
            }
          ],
          "store_path": "/nix/store/b2rgpv6rabijzankipdj7agv5yxxnp6p-trivy-0.59.1"
        },
        "x86_64-linux": {
          "outputs": [
            {
              "name": "out",
              "path": "/nix/store/rai7hscdn00w4q07dkhr31pw8i3cr060-trivy-0.59.1",
              "default": true
            }
          ],
          "store_path": "/nix/store/rai7hscdn00w4q07dkhr31pw8i3cr060-trivy-0.59.1"
        }
      }
    }
  }
}
